{
  "requires": true,
  "lockfileVersion": 1,
  "dependencies": {
    "folktale": {
      "version": "2.0.1",
      "resolved": "https://registry.npmjs.org/folktale/-/folktale-2.0.1.tgz",
      "integrity": "sha512-3kDSWVkSlErHIt/dC73vu+5zRqbW1mlnL46s2QfYN7Ps0JcS9MVtuLCrDQOBa7sanA+d9Fd8F+bn0VcyNe68Jw=="
    }
  }
}
